
Microsoft Visual Studio Solution File, Format Version 12.00
# Visual Studio Version 17
VisualStudioVersion = 17.7.34031.279
MinimumVisualStudioVersion = 10.0.40219.1
Project("{FAE04EC0-301F-11D3-BF4B-00C04F79EFBC}") = "Wa-Tor Algorithm", "Wa-Tor Algorithm.csproj", "{C3435E4A-9994-4E1B-82E3-959081892BE0}"
EndProject
Project("{FAE04EC0-301F-11D3-BF4B-00C04F79EFBC}") = "WaTorTests", "..\WaTorTests\WaTorTests.csproj", "{4684982D-7707-4C7D-A5F6-06D81B8267E4}"
EndProject
Global
	GlobalSection(SolutionConfigurationPlatforms) = preSolution
		Debug|Any CPU = Debug|Any CPU
		Release|Any CPU = Release|Any CPU
	EndGlobalSection
	GlobalSection(ProjectConfigurationPlatforms) = postSolution
		{C3435E4A-9994-4E1B-82E3-959081892BE0}.Debug|Any CPU.ActiveCfg = Debug|Any CPU
		{C3435E4A-9994-4E1B-82E3-959081892BE0}.Debug|Any CPU.Build.0 = Debug|Any CPU
		{C3435E4A-9994-4E1B-82E3-959081892BE0}.Release|Any CPU.ActiveCfg = Release|Any CPU
		{C3435E4A-9994-4E1B-82E3-959081892BE0}.Release|Any CPU.Build.0 = Release|Any CPU
		{4684982D-7707-4C7D-A5F6-06D81B8267E4}.Debug|Any CPU.ActiveCfg = Debug|Any CPU
		{4684982D-7707-4C7D-A5F6-06D81B8267E4}.Debug|Any CPU.Build.0 = Debug|Any CPU
		{4684982D-7707-4C7D-A5F6-06D81B8267E4}.Release|Any CPU.ActiveCfg = Release|Any CPU
		{4684982D-7707-4C7D-A5F6-06D81B8267E4}.Release|Any CPU.Build.0 = Release|Any CPU
	EndGlobalSection
	GlobalSection(SolutionProperties) = preSolution
		HideSolutionNode = FALSE
	EndGlobalSection
	GlobalSection(ExtensibilityGlobals) = postSolution
		SolutionGuid = {A3BADCD2-C8D9-424B-A519-8867E54FF650}
	EndGlobalSection
EndGlobal
